
Microsoft Visual Studio Solution File, Format Version 12.00
# Visual Studio Version 16
VisualStudioVersion = 16.0.30523.141
MinimumVisualStudioVersion = 10.0.40219.1
Project("{FAE04EC0-301F-11D3-BF4B-00C04F79EFBC}") = "RingLaptopPrototype", "RingLaptopPrototype\RingLaptopPrototype.csproj", "{564D3ABB-302A-4843-AD0F-F187BD785852}"
EndProject
Project("{FAE04EC0-301F-11D3-BF4B-00C04F79EFBC}") = "Tasks", "RingLaptopTask\Tasks.csproj", "{04A7B139-C066-4D49-9956-3EDB48881711}"
EndProject
Global
	GlobalSection(SolutionConfigurationPlatforms) = preSolution
		Debug|Any CPU = Debug|Any CPU
		Debug|ARM = Debug|ARM
		Debug|ARM64 = Debug|ARM64
		Debug|x64 = Debug|x64
		Debug|x86 = Debug|x86
		Release|Any CPU = Release|Any CPU
		Release|ARM = Release|ARM
		Release|ARM64 = Release|ARM64
		Release|x64 = Release|x64
		Release|x86 = Release|x86
	EndGlobalSection
	GlobalSection(ProjectConfigurationPlatforms) = postSolution
		{564D3ABB-302A-4843-AD0F-F187BD785852}.Debug|Any CPU.ActiveCfg = Debug|x86
		{564D3ABB-302A-4843-AD0F-F187BD785852}.Debug|ARM.ActiveCfg = Debug|ARM
		{564D3ABB-302A-4843-AD0F-F187BD785852}.Debug|ARM.Build.0 = Debug|ARM
		{564D3ABB-302A-4843-AD0F-F187BD785852}.Debug|ARM.Deploy.0 = Debug|ARM
		{564D3ABB-302A-4843-AD0F-F187BD785852}.Debug|ARM64.ActiveCfg = Debug|ARM64
		{564D3ABB-302A-4843-AD0F-F187BD785852}.Debug|ARM64.Build.0 = Debug|ARM64
		{564D3ABB-302A-4843-AD0F-F187BD785852}.Debug|ARM64.Deploy.0 = Debug|ARM64
		{564D3ABB-302A-4843-AD0F-F187BD785852}.Debug|x64.ActiveCfg = Debug|x64
		{564D3ABB-302A-4843-AD0F-F187BD785852}.Debug|x64.Build.0 = Debug|x64
		{564D3ABB-302A-4843-AD0F-F187BD785852}.Debug|x64.Deploy.0 = Debug|x64
		{564D3ABB-302A-4843-AD0F-F187BD785852}.Debug|x86.ActiveCfg = Debug|x86
		{564D3ABB-302A-4843-AD0F-F187BD785852}.Debug|x86.Build.0 = Debug|x86
		{564D3ABB-302A-4843-AD0F-F187BD785852}.Debug|x86.Deploy.0 = Debug|x86
		{564D3ABB-302A-4843-AD0F-F187BD785852}.Release|Any CPU.ActiveCfg = Release|x86
		{564D3ABB-302A-4843-AD0F-F187BD785852}.Release|ARM.ActiveCfg = Release|ARM
		{564D3ABB-302A-4843-AD0F-F187BD785852}.Release|ARM.Build.0 = Release|ARM
		{564D3ABB-302A-4843-AD0F-F187BD785852}.Release|ARM.Deploy.0 = Release|ARM
		{564D3ABB-302A-4843-AD0F-F187BD785852}.Release|ARM64.ActiveCfg = Release|ARM64
		{564D3ABB-302A-4843-AD0F-F187BD785852}.Release|ARM64.Build.0 = Release|ARM64
		{564D3ABB-302A-4843-AD0F-F187BD785852}.Release|ARM64.Deploy.0 = Release|ARM64
		{564D3ABB-302A-4843-AD0F-F187BD785852}.Release|x64.ActiveCfg = Release|x64
		{564D3ABB-302A-4843-AD0F-F187BD785852}.Release|x64.Build.0 = Release|x64
		{564D3ABB-302A-4843-AD0F-F187BD785852}.Release|x64.Deploy.0 = Release|x64
		{564D3ABB-302A-4843-AD0F-F187BD785852}.Release|x86.ActiveCfg = Release|x86
		{564D3ABB-302A-4843-AD0F-F187BD785852}.Release|x86.Build.0 = Release|x86
		{564D3ABB-302A-4843-AD0F-F187BD785852}.Release|x86.Deploy.0 = Release|x86
		{04A7B139-C066-4D49-9956-3EDB48881711}.Debug|Any CPU.ActiveCfg = Debug|Any CPU
		{04A7B139-C066-4D49-9956-3EDB48881711}.Debug|Any CPU.Build.0 = Debug|Any CPU
		{04A7B139-C066-4D49-9956-3EDB48881711}.Debug|ARM.ActiveCfg = Debug|ARM
		{04A7B139-C066-4D49-9956-3EDB48881711}.Debug|ARM.Build.0 = Debug|ARM
		{04A7B139-C066-4D49-9956-3EDB48881711}.Debug|ARM64.ActiveCfg = Debug|ARM64
		{04A7B139-C066-4D49-9956-3EDB48881711}.Debug|ARM64.Build.0 = Debug|ARM64
		{04A7B139-C066-4D49-9956-3EDB48881711}.Debug|x64.ActiveCfg = Debug|x64
		{04A7B139-C066-4D49-9956-3EDB48881711}.Debug|x64.Build.0 = Debug|x64
		{04A7B139-C066-4D49-9956-3EDB48881711}.Debug|x86.ActiveCfg = Debug|x86
		{04A7B139-C066-4D49-9956-3EDB48881711}.Debug|x86.Build.0 = Debug|x86
		{04A7B139-C066-4D49-9956-3EDB48881711}.Release|Any CPU.ActiveCfg = Release|Any CPU
		{04A7B139-C066-4D49-9956-3EDB48881711}.Release|Any CPU.Build.0 = Release|Any CPU
		{04A7B139-C066-4D49-9956-3EDB48881711}.Release|ARM.ActiveCfg = Release|ARM
		{04A7B139-C066-4D49-9956-3EDB48881711}.Release|ARM.Build.0 = Release|ARM
		{04A7B139-C066-4D49-9956-3EDB48881711}.Release|ARM64.ActiveCfg = Release|ARM64
		{04A7B139-C066-4D49-9956-3EDB48881711}.Release|ARM64.Build.0 = Release|ARM64
		{04A7B139-C066-4D49-9956-3EDB48881711}.Release|x64.ActiveCfg = Release|x64
		{04A7B139-C066-4D49-9956-3EDB48881711}.Release|x64.Build.0 = Release|x64
		{04A7B139-C066-4D49-9956-3EDB48881711}.Release|x86.ActiveCfg = Release|x86
		{04A7B139-C066-4D49-9956-3EDB48881711}.Release|x86.Build.0 = Release|x86
	EndGlobalSection
	GlobalSection(SolutionProperties) = preSolution
		HideSolutionNode = FALSE
	EndGlobalSection
	GlobalSection(ExtensibilityGlobals) = postSolution
		SolutionGuid = {82EEBC70-E6B2-44B7-91CD-65AA2F69CF39}
	EndGlobalSection
EndGlobal
